// !$*UTF8*$!
{
	archiveVersion = 1;
	classes = {
	};
	objectVersion = 48;
	objects = {

/* Begin PBXBuildFile section */
		3B19CBF61FA6DA000065DB51 /* AppDelegate.swift in Sources */ = {isa = PBXBuildFile; fileRef = 3B19CBF51FA6DA000065DB51 /* AppDelegate.swift */; };
		3B19CBFB1FA6DA000065DB51 /* Main.storyboard in Resources */ = {isa = PBXBuildFile; fileRef = 3B19CBF91FA6DA000065DB51 /* Main.storyboard */; };
		3B19CBFD1FA6DA000065DB51 /* Assets.xcassets in Resources */ = {isa = PBXBuildFile; fileRef = 3B19CBFC1FA6DA000065DB51 /* Assets.xcassets */; };
		3B19CC001FA6DA000065DB51 /* LaunchScreen.storyboard in Resources */ = {isa = PBXBuildFile; fileRef = 3B19CBFE1FA6DA000065DB51 /* LaunchScreen.storyboard */; };
		3B3F19781FAA93CD000B9CBC /* adidas.png in Resources */ = {isa = PBXBuildFile; fileRef = 3B3F19771FAA93CD000B9CBC /* adidas.png */; };
		3BE8F6CE1FA9900400CC2ACC /* LoginViewController.swift in Sources */ = {isa = PBXBuildFile; fileRef = 3BE8F6CD1FA9900400CC2ACC /* LoginViewController.swift */; };
		3BE8F6D01FA9907B00CC2ACC /* TableViewController.swift in Sources */ = {isa = PBXBuildFile; fileRef = 3BE8F6CF1FA9907B00CC2ACC /* TableViewController.swift */; };
		3BE8F6D21FA9909700CC2ACC /* TableCellViewController.swift in Sources */ = {isa = PBXBuildFile; fileRef = 3BE8F6D11FA9909700CC2ACC /* TableCellViewController.swift */; };
		3BE8F6D41FA990DD00CC2ACC /* BoughtViewController.swift in Sources */ = {isa = PBXBuildFile; fileRef = 3BE8F6D31FA990DD00CC2ACC /* BoughtViewController.swift */; };
		3BE8F6D71FA9951400CC2ACC /* ZapatoTableViewCell.swift in Sources */ = {isa = PBXBuildFile; fileRef = 3BE8F6D51FA9951400CC2ACC /* ZapatoTableViewCell.swift */; };
		3BE8F6D81FA9951400CC2ACC /* ZapatoTableViewCell.xib in Resources */ = {isa = PBXBuildFile; fileRef = 3BE8F6D61FA9951400CC2ACC /* ZapatoTableViewCell.xib */; };
		3BE8F6E41FAA92D700CC2ACC /* nike.png in Resources */ = {isa = PBXBuildFile; fileRef = 3BE8F6DD1FAA92D700CC2ACC /* nike.png */; };
		3BE8F6E51FAA92D700CC2ACC /* skechers.png in Resources */ = {isa = PBXBuildFile; fileRef = 3BE8F6DE1FAA92D700CC2ACC /* skechers.png */; };
		3BE8F6E61FAA92D700CC2ACC /* newbalance.jpg in Resources */ = {isa = PBXBuildFile; fileRef = 3BE8F6DF1FAA92D700CC2ACC /* newbalance.jpg */; };
		3BE8F6E71FAA92D700CC2ACC /* dc.png in Resources */ = {isa = PBXBuildFile; fileRef = 3BE8F6E01FAA92D700CC2ACC /* dc.png */; };
		3BE8F6E91FAA92D700CC2ACC /* vans.png in Resources */ = {isa = PBXBuildFile; fileRef = 3BE8F6E21FAA92D700CC2ACC /* vans.png */; };
		3BE8F6EA1FAA92D700CC2ACC /* converse.png in Resources */ = {isa = PBXBuildFile; fileRef = 3BE8F6E31FAA92D700CC2ACC /* converse.png */; };
/* End PBXBuildFile section */

/* Begin PBXFileReference section */
		3B19CBF21FA6DA000065DB51 /* Zapatos.app */ = {isa = PBXFileReference; explicitFileType = wrapper.application; includeInIndex = 0; path = Zapatos.app; sourceTree = BUILT_PRODUCTS_DIR; };
		3B19CBF51FA6DA000065DB51 /* AppDelegate.swift */ = {isa = PBXFileReference; lastKnownFileType = sourcecode.swift; path = AppDelegate.swift; sourceTree = "<group>"; };
		3B19CBFA1FA6DA000065DB51 /* Base */ = {isa = PBXFileReference; lastKnownFileType = file.storyboard; name = Base; path = Base.lproj/Main.storyboard; sourceTree = "<group>"; };
		3B19CBFC1FA6DA000065DB51 /* Assets.xcassets */ = {isa = PBXFileReference; lastKnownFileType = folder.assetcatalog; path = Assets.xcassets; sourceTree = "<group>"; };
		3B19CBFF1FA6DA000065DB51 /* Base */ = {isa = PBXFileReference; lastKnownFileType = file.storyboard; name = Base; path = Base.lproj/LaunchScreen.storyboard; sourceTree = "<group>"; };
		3B19CC011FA6DA000065DB51 /* Info.plist */ = {isa = PBXFileReference; lastKnownFileType = text.plist.xml; path = Info.plist; sourceTree = "<group>"; };
		3B3F19771FAA93CD000B9CBC /* adidas.png */ = {isa = PBXFileReference; lastKnownFileType = image.png; name = adidas.png; path = Zapatos/Imgs/adidas.png; sourceTree = SOURCE_ROOT; };
		3BE8F6CD1FA9900400CC2ACC /* LoginViewController.swift */ = {isa = PBXFileReference; fileEncoding = 4; lastKnownFileType = sourcecode.swift; path = LoginViewController.swift; sourceTree = "<group>"; };
		3BE8F6CF1FA9907B00CC2ACC /* TableViewController.swift */ = {isa = PBXFileReference; lastKnownFileType = sourcecode.swift; path = TableViewController.swift; sourceTree = "<group>"; };
		3BE8F6D11FA9909700CC2ACC /* TableCellViewController.swift */ = {isa = PBXFileReference; lastKnownFileType = sourcecode.swift; path = TableCellViewController.swift; sourceTree = "<group>"; };
		3BE8F6D31FA990DD00CC2ACC /* BoughtViewController.swift */ = {isa = PBXFileReference; lastKnownFileType = sourcecode.swift; path = BoughtViewController.swift; sourceTree = "<group>"; };
		3BE8F6D51FA9951400CC2ACC /* ZapatoTableViewCell.swift */ = {isa = PBXFileReference; lastKnownFileType = sourcecode.swift; path = ZapatoTableViewCell.swift; sourceTree = "<group>"; };
		3BE8F6D61FA9951400CC2ACC /* ZapatoTableViewCell.xib */ = {isa = PBXFileReference; lastKnownFileType = file.xib; path = ZapatoTableViewCell.xib; sourceTree = "<group>"; };
		3BE8F6DD1FAA92D700CC2ACC /* nike.png */ = {isa = PBXFileReference; lastKnownFileType = image.png; name = nike.png; path = Zapatos/Imgs/nike.png; sourceTree = SOURCE_ROOT; };
		3BE8F6DE1FAA92D700CC2ACC /* skechers.png */ = {isa = PBXFileReference; lastKnownFileType = image.png; name = skechers.png; path = Zapatos/Imgs/skechers.png; sourceTree = SOURCE_ROOT; };
		3BE8F6DF1FAA92D700CC2ACC /* newbalance.jpg */ = {isa = PBXFileReference; lastKnownFileType = image.jpeg; name = newbalance.jpg; path = Zapatos/Imgs/newbalance.jpg; sourceTree = SOURCE_ROOT; };
		3BE8F6E01FAA92D700CC2ACC /* dc.png */ = {isa = PBXFileReference; lastKnownFileType = image.png; name = dc.png; path = Zapatos/Imgs/dc.png; sourceTree = SOURCE_ROOT; };
		3BE8F6E21FAA92D700CC2ACC /* vans.png */ = {isa = PBXFileReference; lastKnownFileType = image.png; name = vans.png; path = Zapatos/Imgs/vans.png; sourceTree = SOURCE_ROOT; };
		3BE8F6E31FAA92D700CC2ACC /* converse.png */ = {isa = PBXFileReference; lastKnownFileType = image.png; name = converse.png; path = Zapatos/Imgs/converse.png; sourceTree = SOURCE_ROOT; };
/* End PBXFileReference section */

/* Begin PBXFrameworksBuildPhase section */
		3B19CBEF1FA6DA000065DB51 /* Frameworks */ = {
			isa = PBXFrameworksBuildPhase;
			buildActionMask = 2147483647;
			files = (
			);
			runOnlyForDeploymentPostprocessing = 0;
		};
/* End PBXFrameworksBuildPhase section */

/* Begin PBXGroup section */
		3B19CBE91FA6DA000065DB51 = {
			isa = PBXGroup;
			children = (
				3B19CBF41FA6DA000065DB51 /* Zapatos */,
				3B19CBF31FA6DA000065DB51 /* Products */,
			);
			sourceTree = "<group>";
		};
		3B19CBF31FA6DA000065DB51 /* Products */ = {
			isa = PBXGroup;
			children = (
				3B19CBF21FA6DA000065DB51 /* Zapatos.app */,
			);
			name = Products;
			sourceTree = "<group>";
		};
		3B19CBF41FA6DA000065DB51 /* Zapatos */ = {
			isa = PBXGroup;
			children = (
				3BE8F6DC1FAA92C100CC2ACC /* imgs */,
				3B19CC081FA6DA3E0065DB51 /* View */,
				3B19CC071FA6DA220065DB51 /* Controller */,
				3B19CC091FA6DA490065DB51 /* Model */,
				3B19CBFC1FA6DA000065DB51 /* Assets.xcassets */,
				3B19CBFE1FA6DA000065DB51 /* LaunchScreen.storyboard */,
				3B19CC011FA6DA000065DB51 /* Info.plist */,
			);
			path = Zapatos;
			sourceTree = "<group>";
		};
		3B19CC071FA6DA220065DB51 /* Controller */ = {
			isa = PBXGroup;
			children = (
				3BE8F6CD1FA9900400CC2ACC /* LoginViewController.swift */,
				3B19CBF51FA6DA000065DB51 /* AppDelegate.swift */,
				3BE8F6CF1FA9907B00CC2ACC /* TableViewController.swift */,
				3BE8F6D11FA9909700CC2ACC /* TableCellViewController.swift */,
				3BE8F6D31FA990DD00CC2ACC /* BoughtViewController.swift */,
			);
			path = Controller;
			sourceTree = "<group>";
		};
		3B19CC081FA6DA3E0065DB51 /* View */ = {
			isa = PBXGroup;
			children = (
				3BE8F6D91FA9951F00CC2ACC /* Cells */,
				3B19CBF91FA6DA000065DB51 /* Main.storyboard */,
			);
			path = View;
			sourceTree = "<group>";
		};
		3B19CC091FA6DA490065DB51 /* Model */ = {
			isa = PBXGroup;
			children = (
			);
			path = Model;
			sourceTree = "<group>";
		};
		3BE8F6D91FA9951F00CC2ACC /* Cells */ = {
			isa = PBXGroup;
			children = (
				3BE8F6D51FA9951400CC2ACC /* ZapatoTableViewCell.swift */,
				3BE8F6D61FA9951400CC2ACC /* ZapatoTableViewCell.xib */,
			);
			path = Cells;
			sourceTree = "<group>";
		};
		3BE8F6DC1FAA92C100CC2ACC /* imgs */ = {
			isa = PBXGroup;
			children = (
				3B3F19771FAA93CD000B9CBC /* adidas.png */,
				3BE8F6E31FAA92D700CC2ACC /* converse.png */,
				3BE8F6E01FAA92D700CC2ACC /* dc.png */,
				3BE8F6DF1FAA92D700CC2ACC /* newbalance.jpg */,
				3BE8F6DD1FAA92D700CC2ACC /* nike.png */,
				3BE8F6DE1FAA92D700CC2ACC /* skechers.png */,
				3BE8F6E21FAA92D700CC2ACC /* vans.png */,
			);
			name = imgs;
			path = "New Group";
			sourceTree = "<group>";
		};
/* End PBXGroup section */

/* Begin PBXNativeTarget section */
		3B19CBF11FA6DA000065DB51 /* Zapatos */ = {
			isa = PBXNativeTarget;
			buildConfigurationList = 3B19CC041FA6DA000065DB51 /* Build configuration list for PBXNativeTarget "Zapatos" */;
			buildPhases = (
				3B19CBEE1FA6DA000065DB51 /* Sources */,
				3B19CBEF1FA6DA000065DB51 /* Frameworks */,
				3B19CBF01FA6DA000065DB51 /* Resources */,
			);
			buildRules = (
			);
			dependencies = (
			);
			name = Zapatos;
			productName = Zapatos;
			productReference = 3B19CBF21FA6DA000065DB51 /* Zapatos.app */;
			productType = "com.apple.product-type.application";
		};
/* End PBXNativeTarget section */

/* Begin PBXProject section */
		3B19CBEA1FA6DA000065DB51 /* Project object */ = {
			isa = PBXProject;
			attributes = {
				LastSwiftUpdateCheck = 0900;
				LastUpgradeCheck = 0900;
				TargetAttributes = {
					3B19CBF11FA6DA000065DB51 = {
						CreatedOnToolsVersion = 9.0.1;
						ProvisioningStyle = Automatic;
					};
				};
			};
			buildConfigurationList = 3B19CBED1FA6DA000065DB51 /* Build configuration list for PBXProject "Zapatos" */;
			compatibilityVersion = "Xcode 8.0";
			developmentRegion = en;
			hasScannedForEncodings = 0;
			knownRegions = (
				en,
				Base,
			);
			mainGroup = 3B19CBE91FA6DA000065DB51;
			productRefGroup = 3B19CBF31FA6DA000065DB51 /* Products */;
			projectDirPath = "";
			projectRoot = "";
			targets = (
				3B19CBF11FA6DA000065DB51 /* Zapatos */,
			);
		};
/* End PBXProject section */

/* Begin PBXResourcesBuildPhase section */
		3B19CBF01FA6DA000065DB51 /* Resources */ = {
			isa = PBXResourcesBuildPhase;
			buildActionMask = 2147483647;
			files = (
				3BE8F6E71FAA92D700CC2ACC /* dc.png in Resources */,
				3BE8F6E91FAA92D700CC2ACC /* vans.png in Resources */,
				3B19CC001FA6DA000065DB51 /* LaunchScreen.storyboard in Resources */,
				3BE8F6E41FAA92D700CC2ACC /* nike.png in Resources */,
				3B3F19781FAA93CD000B9CBC /* adidas.png in Resources */,
				3BE8F6E61FAA92D700CC2ACC /* newbalance.jpg in Resources */,
				3BE8F6EA1FAA92D700CC2ACC /* converse.png in Resources */,
				3B19CBFD1FA6DA000065DB51 /* Assets.xcassets in Resources */,
				3BE8F6E51FAA92D700CC2ACC /* skechers.png in Resources */,
				3BE8F6D81FA9951400CC2ACC /* ZapatoTableViewCell.xib in Resources */,
				3B19CBFB1FA6DA000065DB51 /* Main.storyboard in Resources */,
			);
			runOnlyForDeploymentPostprocessing = 0;
		};
/* End PBXResourcesBuildPhase section */

/* Begin PBXSourcesBuildPhase section */
		3B19CBEE1FA6DA000065DB51 /* Sources */ = {
			isa = PBXSourcesBuildPhase;
			buildActionMask = 2147483647;
			files = (
				3BE8F6CE1FA9900400CC2ACC /* LoginViewController.swift in Sources */,
				3BE8F6D01FA9907B00CC2ACC /* TableViewController.swift in Sources */,
				3BE8F6D71FA9951400CC2ACC /* ZapatoTableViewCell.swift in Sources */,
				3B19CBF61FA6DA000065DB51 /* AppDelegate.swift in Sources */,
				3BE8F6D41FA990DD00CC2ACC /* BoughtViewController.swift in Sources */,
				3BE8F6D21FA9909700CC2ACC /* TableCellViewController.swift in Sources */,
			);
			runOnlyForDeploymentPostprocessing = 0;
		};
/* End PBXSourcesBuildPhase section */

/* Begin PBXVariantGroup section */
		3B19CBF91FA6DA000065DB51 /* Main.storyboard */ = {
			isa = PBXVariantGroup;
			children = (
				3B19CBFA1FA6DA000065DB51 /* Base */,
			);
			name = Main.storyboard;
			sourceTree = "<group>";
		};
		3B19CBFE1FA6DA000065DB51 /* LaunchScreen.storyboard */ = {
			isa = PBXVariantGroup;
			children = (
				3B19CBFF1FA6DA000065DB51 /* Base */,
			);
			name = LaunchScreen.storyboard;
			sourceTree = "<group>";
		};
/* End PBXVariantGroup section */

/* Begin XCBuildConfiguration section */
		3B19CC021FA6DA000065DB51 /* Debug */ = {
			isa = XCBuildConfiguration;
			buildSettings = {
				ALWAYS_SEARCH_USER_PATHS = NO;
				CLANG_ANALYZER_NONNULL = YES;
				CLANG_ANALYZER_NUMBER_OBJECT_CONVERSION = YES_AGGRESSIVE;
				CLANG_CXX_LANGUAGE_STANDARD = "gnu++14";
				CLANG_CXX_LIBRARY = "libc++";
				CLANG_ENABLE_MODULES = YES;
				CLANG_ENABLE_OBJC_ARC = YES;
				CLANG_WARN_BLOCK_CAPTURE_AUTORELEASING = YES;
				CLANG_WARN_BOOL_CONVERSION = YES;
				CLANG_WARN_COMMA = YES;
				CLANG_WARN_CONSTANT_CONVERSION = YES;
				CLANG_WARN_DIRECT_OBJC_ISA_USAGE = YES_ERROR;
				CLANG_WARN_DOCUMENTATION_COMMENTS = YES;
				CLANG_WARN_EMPTY_BODY = YES;
				CLANG_WARN_ENUM_CONVERSION = YES;
				CLANG_WARN_INFINITE_RECURSION = YES;
				CLANG_WARN_INT_CONVERSION = YES;
				CLANG_WARN_NON_LITERAL_NULL_CONVERSION = YES;
				CLANG_WARN_OBJC_LITERAL_CONVERSION = YES;
				CLANG_WARN_OBJC_ROOT_CLASS = YES_ERROR;
				CLANG_WARN_RANGE_LOOP_ANALYSIS = YES;
				CLANG_WARN_STRICT_PROTOTYPES = YES;
				CLANG_WARN_SUSPICIOUS_MOVE = YES;
				CLANG_WARN_UNGUARDED_AVAILABILITY = YES_AGGRESSIVE;
				CLANG_WARN_UNREACHABLE_CODE = YES;
				CLANG_WARN__DUPLICATE_METHOD_MATCH = YES;
				CODE_SIGN_IDENTITY = "iPhone Developer";
				COPY_PHASE_STRIP = NO;
				DEBUG_INFORMATION_FORMAT = dwarf;
				ENABLE_STRICT_OBJC_MSGSEND = YES;
				ENABLE_TESTABILITY = YES;
				GCC_C_LANGUAGE_STANDARD = gnu11;
				GCC_DYNAMIC_NO_PIC = NO;
				GCC_NO_COMMON_BLOCKS = YES;
				GCC_OPTIMIZATION_LEVEL = 0;
				GCC_PREPROCESSOR_DEFINITIONS = (
					"DEBUG=1",
					"$(inherited)",
				);
				GCC_WARN_64_TO_32_BIT_CONVERSION = YES;
				GCC_WARN_ABOUT_RETURN_TYPE = YES_ERROR;
				GCC_WARN_UNDECLARED_SELECTOR = YES;
				GCC_WARN_UNINITIALIZED_AUTOS = YES_AGGRESSIVE;
				GCC_WARN_UNUSED_FUNCTION = YES;
				GCC_WARN_UNUSED_VARIABLE = YES;
				IPHONEOS_DEPLOYMENT_TARGET = 11.0;
				MTL_ENABLE_DEBUG_INFO = YES;
				ONLY_ACTIVE_ARCH = YES;
				SDKROOT = iphoneos;
				SWIFT_ACTIVE_COMPILATION_CONDITIONS = DEBUG;
				SWIFT_OPTIMIZATION_LEVEL = "-Onone";
			};
			name = Debug;
		};
		3B19CC031FA6DA000065DB51 /* Release */ = {
			isa = XCBuildConfiguration;
			buildSettings = {
				ALWAYS_SEARCH_USER_PATHS = NO;
				CLANG_ANALYZER_NONNULL = YES;
				CLANG_ANALYZER_NUMBER_OBJECT_CONVERSION = YES_AGGRESSIVE;
				CLANG_CXX_LANGUAGE_STANDARD = "gnu++14";
				CLANG_CXX_LIBRARY = "libc++";
				CLANG_ENABLE_MODULES = YES;
				CLANG_ENABLE_OBJC_ARC = YES;
				CLANG_WARN_BLOCK_CAPTURE_AUTORELEASING = YES;
				CLANG_WARN_BOOL_CONVERSION = YES;
				CLANG_WARN_COMMA = YES;
				CLANG_WARN_CONSTANT_CONVERSION = YES;
				CLANG_WARN_DIRECT_OBJC_ISA_USAGE = YES_ERROR;
				CLANG_WARN_DOCUMENTATION_COMMENTS = YES;
				CLANG_WARN_EMPTY_BODY = YES;
				CLANG_WARN_ENUM_CONVERSION = YES;
				CLANG_WARN_INFINITE_RECURSION = YES;
				CLANG_WARN_INT_CONVERSION = YES;
				CLANG_WARN_NON_LITERAL_NULL_CONVERSION = YES;
				CLANG_WARN_OBJC_LITERAL_CONVERSION = YES;
				CLANG_WARN_OBJC_ROOT_CLASS = YES_ERROR;
				CLANG_WARN_RANGE_LOOP_ANALYSIS = YES;
				CLANG_WARN_STRICT_PROTOTYPES = YES;
				CLANG_WARN_SUSPICIOUS_MOVE = YES;
				CLANG_WARN_UNGUARDED_AVAILABILITY = YES_AGGRESSIVE;
				CLANG_WARN_UNREACHABLE_CODE = YES;
				CLANG_WARN__DUPLICATE_METHOD_MATCH = YES;
				CODE_SIGN_IDENTITY = "iPhone Developer";
				COPY_PHASE_STRIP = NO;
				DEBUG_INFORMATION_FORMAT = "dwarf-with-dsym";
				ENABLE_NS_ASSERTIONS = NO;
				ENABLE_STRICT_OBJC_MSGSEND = YES;
				GCC_C_LANGUAGE_STANDARD = gnu11;
				GCC_NO_COMMON_BLOCKS = YES;
				GCC_WARN_64_TO_32_BIT_CONVERSION = YES;
				GCC_WARN_ABOUT_RETURN_TYPE = YES_ERROR;
				GCC_WARN_UNDECLARED_SELECTOR = YES;
				GCC_WARN_UNINITIALIZED_AUTOS = YES_AGGRESSIVE;
				GCC_WARN_UNUSED_FUNCTION = YES;
				GCC_WARN_UNUSED_VARIABLE = YES;
				IPHONEOS_DEPLOYMENT_TARGET = 11.0;
				MTL_ENABLE_DEBUG_INFO = NO;
				SDKROOT = iphoneos;
				SWIFT_OPTIMIZATION_LEVEL = "-Owholemodule";
				VALIDATE_PRODUCT = YES;
			};
			name = Release;
		};
		3B19CC051FA6DA000065DB51 /* Debug */ = {
			isa = XCBuildConfiguration;
			buildSettings = {
				ASSETCATALOG_COMPILER_APPICON_NAME = AppIcon;
				CODE_SIGN_STYLE = Automatic;
				INFOPLIST_FILE = Zapatos/Info.plist;
				LD_RUNPATH_SEARCH_PATHS = "$(inherited) @executable_path/Frameworks";
				PRODUCT_BUNDLE_IDENTIFIER = com.albertorm95.Zapatos;
				PRODUCT_NAME = "$(TARGET_NAME)";
				SWIFT_VERSION = 4.0;
				TARGETED_DEVICE_FAMILY = 1;
			};
			name = Debug;
		};
		3B19CC061FA6DA000065DB51 /* Release */ = {
			isa = XCBuildConfiguration;
			buildSettings = {
				ASSETCATALOG_COMPILER_APPICON_NAME = AppIcon;
				CODE_SIGN_STYLE = Automatic;
				INFOPLIST_FILE = Zapatos/Info.plist;
				LD_RUNPATH_SEARCH_PATHS = "$(inherited) @executable_path/Frameworks";
				PRODUCT_BUNDLE_IDENTIFIER = com.albertorm95.Zapatos;
				PRODUCT_NAME = "$(TARGET_NAME)";
				SWIFT_VERSION = 4.0;
				TARGETED_DEVICE_FAMILY = 1;
			};
			name = Release;
		};
/* End XCBuildConfiguration section */

/* Begin XCConfigurationList section */
		3B19CBED1FA6DA000065DB51 /* Build configuration list for PBXProject "Zapatos" */ = {
			isa = XCConfigurationList;
			buildConfigurations = (
				3B19CC021FA6DA000065DB51 /* Debug */,
				3B19CC031FA6DA000065DB51 /* Release */,
			);
			defaultConfigurationIsVisible = 0;
			defaultConfigurationName = Release;
		};
		3B19CC041FA6DA000065DB51 /* Build configuration list for PBXNativeTarget "Zapatos" */ = {
			isa = XCConfigurationList;
			buildConfigurations = (
				3B19CC051FA6DA000065DB51 /* Debug */,
				3B19CC061FA6DA000065DB51 /* Release */,
			);
			defaultConfigurationIsVisible = 0;
			defaultConfigurationName = Release;
		};
/* End XCConfigurationList section */
	};
	rootObject = 3B19CBEA1FA6DA000065DB51 /* Project object */;
}
